
Microsoft Visual Studio Solution File, Format Version 12.00
# Visual Studio 14
VisualStudioVersion = 14.0.25420.1
MinimumVisualStudioVersion = 10.0.40219.1
Project("{8BC9CEB8-8B4A-11D0-8D11-00A0C91BC942}") = "ModuleExtractor", "ModuleExtractor\ModuleExtractor.vcxproj", "{B88CE67A-D9A2-413D-9937-D16BB70D511B}"
EndProject
Project("{FAE04EC0-301F-11D3-BF4B-00C04F79EFBC}") = "FiveTool", "FiveTool\FiveTool.csproj", "{676B369D-82DF-475C-99D8-38711C9E9874}"
EndProject
Project("{FAE04EC0-301F-11D3-BF4B-00C04F79EFBC}") = "FiveLib", "FiveLib\FiveLib.csproj", "{AE39B203-E9FB-4722-A525-D1958F4C54E8}"
EndProject
Project("{FAE04EC0-301F-11D3-BF4B-00C04F79EFBC}") = "FiveLib.Tests", "FiveLib.Tests\FiveLib.Tests.csproj", "{BD302852-AE2C-4794-9F28-D757790878C5}"
EndProject
Global
	GlobalSection(SolutionConfigurationPlatforms) = preSolution
		Debug|x64 = Debug|x64
		Release|x64 = Release|x64
	EndGlobalSection
	GlobalSection(ProjectConfigurationPlatforms) = postSolution
		{B88CE67A-D9A2-413D-9937-D16BB70D511B}.Debug|x64.ActiveCfg = Debug|x64
		{B88CE67A-D9A2-413D-9937-D16BB70D511B}.Debug|x64.Build.0 = Debug|x64
		{B88CE67A-D9A2-413D-9937-D16BB70D511B}.Release|x64.ActiveCfg = Release|x64
		{B88CE67A-D9A2-413D-9937-D16BB70D511B}.Release|x64.Build.0 = Release|x64
		{676B369D-82DF-475C-99D8-38711C9E9874}.Debug|x64.ActiveCfg = Debug|x64
		{676B369D-82DF-475C-99D8-38711C9E9874}.Debug|x64.Build.0 = Debug|x64
		{676B369D-82DF-475C-99D8-38711C9E9874}.Release|x64.ActiveCfg = Release|Any CPU
		{676B369D-82DF-475C-99D8-38711C9E9874}.Release|x64.Build.0 = Release|Any CPU
		{AE39B203-E9FB-4722-A525-D1958F4C54E8}.Debug|x64.ActiveCfg = Debug|Any CPU
		{AE39B203-E9FB-4722-A525-D1958F4C54E8}.Debug|x64.Build.0 = Debug|Any CPU
		{AE39B203-E9FB-4722-A525-D1958F4C54E8}.Release|x64.ActiveCfg = Release|Any CPU
		{AE39B203-E9FB-4722-A525-D1958F4C54E8}.Release|x64.Build.0 = Release|Any CPU
		{BD302852-AE2C-4794-9F28-D757790878C5}.Debug|x64.ActiveCfg = Debug|Any CPU
		{BD302852-AE2C-4794-9F28-D757790878C5}.Debug|x64.Build.0 = Debug|Any CPU
		{BD302852-AE2C-4794-9F28-D757790878C5}.Release|x64.ActiveCfg = Release|Any CPU
		{BD302852-AE2C-4794-9F28-D757790878C5}.Release|x64.Build.0 = Release|Any CPU
	EndGlobalSection
	GlobalSection(SolutionProperties) = preSolution
		HideSolutionNode = FALSE
	EndGlobalSection
EndGlobal
